
Microsoft Visual Studio Solution File, Format Version 12.00
# Visual Studio Version 16
VisualStudioVersion = 16.0.30804.86
MinimumVisualStudioVersion = 10.0.40219.1
Project("{FAE04EC0-301F-11D3-BF4B-00C04F79EFBC}") = "Ticket", "Ticket\Ticket.csproj", "{0A47084B-B933-43DB-9814-3F6A256531CD}"
EndProject
Project("{FAE04EC0-301F-11D3-BF4B-00C04F79EFBC}") = "TicketCP", "TicketCP\TicketCP.csproj", "{30A23400-3FEB-42D1-968E-C9805A408386}"
EndProject
Global
	GlobalSection(SolutionConfigurationPlatforms) = preSolution
		Debug|Any CPU = Debug|Any CPU
		Release|Any CPU = Release|Any CPU
	EndGlobalSection
	GlobalSection(ProjectConfigurationPlatforms) = postSolution
		{0A47084B-B933-43DB-9814-3F6A256531CD}.Debug|Any CPU.ActiveCfg = Debug|Any CPU
		{0A47084B-B933-43DB-9814-3F6A256531CD}.Debug|Any CPU.Build.0 = Debug|Any CPU
		{0A47084B-B933-43DB-9814-3F6A256531CD}.Release|Any CPU.ActiveCfg = Release|Any CPU
		{0A47084B-B933-43DB-9814-3F6A256531CD}.Release|Any CPU.Build.0 = Release|Any CPU
		{30A23400-3FEB-42D1-968E-C9805A408386}.Debug|Any CPU.ActiveCfg = Debug|Any CPU
		{30A23400-3FEB-42D1-968E-C9805A408386}.Debug|Any CPU.Build.0 = Debug|Any CPU
		{30A23400-3FEB-42D1-968E-C9805A408386}.Release|Any CPU.ActiveCfg = Release|Any CPU
		{30A23400-3FEB-42D1-968E-C9805A408386}.Release|Any CPU.Build.0 = Release|Any CPU
	EndGlobalSection
	GlobalSection(SolutionProperties) = preSolution
		HideSolutionNode = FALSE
	EndGlobalSection
	GlobalSection(ExtensibilityGlobals) = postSolution
		SolutionGuid = {623F24A4-1002-41F7-AE66-F1B97436E180}
	EndGlobalSection
EndGlobal
